{
  "version": "5",
  "redirects": {
    "https://esm.sh/@supabase/supabase-js@2": "https://esm.sh/@supabase/supabase-js@2.108.2"
  },
  "remote": {
    "https://deno.land/std@0.224.0/async/delay.ts": "f90dd685b97c2f142b8069082993e437b1602b8e2561134827eeb7c12b95c499",
    "https://deno.land/std@0.224.0/http/server.ts": "f9313804bf6467a1704f45f76cb6cd0a3396a3b31c316035e6a4c2035d1ea514",
    "https://esm.sh/@supabase/supabase-js@2.108.2": "7fbe17c4ef67b80d388cef1f0a0c7ecb28b2b1c3c4110875925a4bc82ff28e13"
  },
  "workspace": {
    "packageJson": {
      "dependencies": [
        "npm:@supabase/supabase-js@^2.98.0",
        "npm:@tailwindcss/postcss@^4.2.1",
        "npm:@types/node@20",
        "npm:@types/react-dom@19",
        "npm:@types/react@19",
        "npm:autoprefixer@^10.4.27",
        "npm:chart.js@^4.5.1",
        "npm:class-variance-authority@~0.7.1",
        "npm:clsx@^2.1.1",
        "npm:eslint-config-next@16.1.6",
        "npm:eslint@9",
        "npm:lucide-react@0.576",
        "npm:next@16.1.6",
        "npm:postcss@^8.5.8",
        "npm:radix-ui@^1.4.3",
        "npm:react-chartjs-2@^5.3.1",
        "npm:react-dom@19.2.3",
        "npm:react@19.2.3",
        "npm:recharts@^3.7.0",
        "npm:shadcn@^3.8.5",
        "npm:styled-jsx@^5.1.6",
        "npm:tailwind-merge@^3.5.0",
        "npm:tailwindcss@^4.2.1",
        "npm:tw-animate-css@^1.4.0",
        "npm:typescript@5",
        "npm:xlsx@~0.18.5"
      ]
    }
  }
}
